{
  "name": "dependabot-automerge-lab",
  "version": "1.0.0",
  "lockfileVersion": 2,
  "requires": true,
  "packages": {
    "": {
      "name": "dependabot-automerge-lab",
      "version": "1.0.0",
      "dependencies": {
        "internal-lib-t1": "^1.0.3"
      }
    },
    "node_modules/internal-lib-t1": {
      "version": "1.0.3",
      "resolved": "https://registry.npmjs.org/internal-lib-t1/-/internal-lib-t1-1.0.3.tgz",
      "integrity": "sha512-+JBAhJ9CUmQrVOseZfv5n7f26HMWwtIShB9C0VxmHnoiI9xCoLS78gFtYdfXUlpZGnOmkWUuYPqIcFpxJaprlw=="
    }
  },
  "dependencies": {
    "internal-lib-t1": {
      "version": "1.0.3",
      "resolved": "https://registry.npmjs.org/internal-lib-t1/-/internal-lib-t1-1.0.3.tgz",
      "integrity": "sha512-+JBAhJ9CUmQrVOseZfv5n7f26HMWwtIShB9C0VxmHnoiI9xCoLS78gFtYdfXUlpZGnOmkWUuYPqIcFpxJaprlw=="
    }
  }
}
