{
  "name": "dependabot-automerge-lab",
  "version": "1.0.0",
  "lockfileVersion": 2,
  "requires": true,
  "packages": {
    "": {
      "name": "dependabot-automerge-lab",
      "version": "1.0.0",
      "license": "ISC",
      "dependencies": {
        "internal-lib-t1": "^1.0.4"
      }
    },
    "node_modules/internal-lib-t1": {
      "version": "1.0.4",
      "resolved": "https://registry.npmjs.org/internal-lib-t1/-/internal-lib-t1-1.0.4.tgz",
      "integrity": "sha512-f+z6DSonhtgQwbpTSso4NWF+Uc7t1AVmtoEY0AnUqjXxVZFTJOrs+myM/jsrODTippDvaurqEKP2JeotZ+xg9A==",
      "license": "ISC"
    }
  },
  "dependencies": {
    "internal-lib-t1": {
      "version": "1.0.4",
      "resolved": "https://registry.npmjs.org/internal-lib-t1/-/internal-lib-t1-1.0.4.tgz",
      "integrity": "sha512-f+z6DSonhtgQwbpTSso4NWF+Uc7t1AVmtoEY0AnUqjXxVZFTJOrs+myM/jsrODTippDvaurqEKP2JeotZ+xg9A=="
    }
  }
}
